
Microsoft Visual Studio Solution File, Format Version 12.00
# Visual Studio Version 17
VisualStudioVersion = 17.8.34525.116
MinimumVisualStudioVersion = 10.0.40219.1
Project("{9A19103F-16F7-4668-BE54-9A1E7A4F7556}") = "11", "11\11.csproj", "{B6D3C644-7740-472C-8CC9-9EB190720096}"
EndProject
Project("{FAE04EC0-301F-11D3-BF4B-00C04F79EFBC}") = "11Tests", "11Tests\11Tests.csproj", "{D9207A38-8BC4-478B-933E-53827CA8E43A}"
EndProject
Global
	GlobalSection(SolutionConfigurationPlatforms) = preSolution
		Debug|Any CPU = Debug|Any CPU
		Release|Any CPU = Release|Any CPU
	EndGlobalSection
	GlobalSection(ProjectConfigurationPlatforms) = postSolution
		{B6D3C644-7740-472C-8CC9-9EB190720096}.Debug|Any CPU.ActiveCfg = Debug|Any CPU
		{B6D3C644-7740-472C-8CC9-9EB190720096}.Debug|Any CPU.Build.0 = Debug|Any CPU
		{B6D3C644-7740-472C-8CC9-9EB190720096}.Release|Any CPU.ActiveCfg = Release|Any CPU
		{B6D3C644-7740-472C-8CC9-9EB190720096}.Release|Any CPU.Build.0 = Release|Any CPU
		{D9207A38-8BC4-478B-933E-53827CA8E43A}.Debug|Any CPU.ActiveCfg = Debug|Any CPU
		{D9207A38-8BC4-478B-933E-53827CA8E43A}.Debug|Any CPU.Build.0 = Debug|Any CPU
		{D9207A38-8BC4-478B-933E-53827CA8E43A}.Release|Any CPU.ActiveCfg = Release|Any CPU
		{D9207A38-8BC4-478B-933E-53827CA8E43A}.Release|Any CPU.Build.0 = Release|Any CPU
	EndGlobalSection
	GlobalSection(SolutionProperties) = preSolution
		HideSolutionNode = FALSE
	EndGlobalSection
	GlobalSection(ExtensibilityGlobals) = postSolution
		SolutionGuid = {D95CC1A8-4A90-46F1-8507-FB603A93E9C0}
	EndGlobalSection
EndGlobal
